
Microsoft Visual Studio Solution File, Format Version 12.00
# Visual Studio Version 17
VisualStudioVersion = 17.5.33424.131
MinimumVisualStudioVersion = 10.0.40219.1
Project("{8BC9CEB8-8B4A-11D0-8D11-00A0C91BC942}") = "cardinal_change", "cardinal_change\cardinal_change.vcxproj", "{5E9F5E29-41B8-4381-AACD-0EB6E1721BFF}"
EndProject
Project("{8BC9CEB8-8B4A-11D0-8D11-00A0C91BC942}") = "TEST", "TEST\TEST.vcxproj", "{FF99FC3E-8E98-4088-A97A-C084F3CEF269}"
EndProject
Project("{8BC9CEB8-8B4A-11D0-8D11-00A0C91BC942}") = "1week", "1week\1week.vcxproj", "{3EED650B-B2FC-4D4F-89EA-C4CDACC4E086}"
EndProject
Project("{8BC9CEB8-8B4A-11D0-8D11-00A0C91BC942}") = "Scanf_08week", "Scanf_08week\Scanf_08week.vcxproj", "{07EC36CF-67AA-4E7F-8FA0-DBF3D40F8DFA}"
EndProject
Project("{8BC9CEB8-8B4A-11D0-8D11-00A0C91BC942}") = "201827055_DB_First", "201827055_DB_First\201827055_DB_First.vcxproj", "{FF15586A-2A34-4231-ABD8-B13162A15843}"
EndProject
Project("{8BC9CEB8-8B4A-11D0-8D11-00A0C91BC942}") = "prime_number_multithreaded", "prime_number_multithreaded\prime_number_multithreaded.vcxproj", "{50FC4590-567B-4322-AE4C-BE7A1E0648FB}"
EndProject
Project("{8BC9CEB8-8B4A-11D0-8D11-00A0C91BC942}") = "13week_", "13week_\13week_.vcxproj", "{2D21DC31-7206-469C-B212-6833979C135B}"
EndProject
Project("{8BC9CEB8-8B4A-11D0-8D11-00A0C91BC942}") = "Test_2", "Test_2\Test_2.vcxproj", "{B0ED3AAB-07A3-4336-8C57-8248C59D134F}"
EndProject
Project("{8BC9CEB8-8B4A-11D0-8D11-00A0C91BC942}") = "Test3", "Project1\Project1.vcxproj", "{A65C8CA0-C558-49B4-8FFE-5A42F098AE06}"
EndProject
Global
	GlobalSection(SolutionConfigurationPlatforms) = preSolution
		Debug|Any CPU = Debug|Any CPU
		Debug|x64 = Debug|x64
		Debug|x86 = Debug|x86
		Release|Any CPU = Release|Any CPU
		Release|x64 = Release|x64
		Release|x86 = Release|x86
	EndGlobalSection
	GlobalSection(ProjectConfigurationPlatforms) = postSolution
		{5E9F5E29-41B8-4381-AACD-0EB6E1721BFF}.Debug|Any CPU.ActiveCfg = Debug|x64
		{5E9F5E29-41B8-4381-AACD-0EB6E1721BFF}.Debug|Any CPU.Build.0 = Debug|x64
		{5E9F5E29-41B8-4381-AACD-0EB6E1721BFF}.Debug|x64.ActiveCfg = Debug|x64
		{5E9F5E29-41B8-4381-AACD-0EB6E1721BFF}.Debug|x64.Build.0 = Debug|x64
		{5E9F5E29-41B8-4381-AACD-0EB6E1721BFF}.Debug|x86.ActiveCfg = Debug|Win32
		{5E9F5E29-41B8-4381-AACD-0EB6E1721BFF}.Debug|x86.Build.0 = Debug|Win32
		{5E9F5E29-41B8-4381-AACD-0EB6E1721BFF}.Release|Any CPU.ActiveCfg = Release|x64
		{5E9F5E29-41B8-4381-AACD-0EB6E1721BFF}.Release|Any CPU.Build.0 = Release|x64
		{5E9F5E29-41B8-4381-AACD-0EB6E1721BFF}.Release|x64.ActiveCfg = Release|x64
		{5E9F5E29-41B8-4381-AACD-0EB6E1721BFF}.Release|x64.Build.0 = Release|x64
		{5E9F5E29-41B8-4381-AACD-0EB6E1721BFF}.Release|x86.ActiveCfg = Release|Win32
		{5E9F5E29-41B8-4381-AACD-0EB6E1721BFF}.Release|x86.Build.0 = Release|Win32
		{FF99FC3E-8E98-4088-A97A-C084F3CEF269}.Debug|Any CPU.ActiveCfg = Debug|x64
		{FF99FC3E-8E98-4088-A97A-C084F3CEF269}.Debug|Any CPU.Build.0 = Debug|x64
		{FF99FC3E-8E98-4088-A97A-C084F3CEF269}.Debug|x64.ActiveCfg = Debug|x64
		{FF99FC3E-8E98-4088-A97A-C084F3CEF269}.Debug|x64.Build.0 = Debug|x64
		{FF99FC3E-8E98-4088-A97A-C084F3CEF269}.Debug|x86.ActiveCfg = Debug|Win32
		{FF99FC3E-8E98-4088-A97A-C084F3CEF269}.Debug|x86.Build.0 = Debug|Win32
		{FF99FC3E-8E98-4088-A97A-C084F3CEF269}.Release|Any CPU.ActiveCfg = Release|x64
		{FF99FC3E-8E98-4088-A97A-C084F3CEF269}.Release|Any CPU.Build.0 = Release|x64
		{FF99FC3E-8E98-4088-A97A-C084F3CEF269}.Release|x64.ActiveCfg = Release|x64
		{FF99FC3E-8E98-4088-A97A-C084F3CEF269}.Release|x64.Build.0 = Release|x64
		{FF99FC3E-8E98-4088-A97A-C084F3CEF269}.Release|x86.ActiveCfg = Release|Win32
		{FF99FC3E-8E98-4088-A97A-C084F3CEF269}.Release|x86.Build.0 = Release|Win32
		{3EED650B-B2FC-4D4F-89EA-C4CDACC4E086}.Debug|Any CPU.ActiveCfg = Debug|x64
		{3EED650B-B2FC-4D4F-89EA-C4CDACC4E086}.Debug|Any CPU.Build.0 = Debug|x64
		{3EED650B-B2FC-4D4F-89EA-C4CDACC4E086}.Debug|x64.ActiveCfg = Debug|x64
		{3EED650B-B2FC-4D4F-89EA-C4CDACC4E086}.Debug|x64.Build.0 = Debug|x64
		{3EED650B-B2FC-4D4F-89EA-C4CDACC4E086}.Debug|x86.ActiveCfg = Debug|Win32
		{3EED650B-B2FC-4D4F-89EA-C4CDACC4E086}.Debug|x86.Build.0 = Debug|Win32
		{3EED650B-B2FC-4D4F-89EA-C4CDACC4E086}.Release|Any CPU.ActiveCfg = Release|x64
		{3EED650B-B2FC-4D4F-89EA-C4CDACC4E086}.Release|Any CPU.Build.0 = Release|x64
		{3EED650B-B2FC-4D4F-89EA-C4CDACC4E086}.Release|x64.ActiveCfg = Release|x64
		{3EED650B-B2FC-4D4F-89EA-C4CDACC4E086}.Release|x64.Build.0 = Release|x64
		{3EED650B-B2FC-4D4F-89EA-C4CDACC4E086}.Release|x86.ActiveCfg = Release|Win32
		{3EED650B-B2FC-4D4F-89EA-C4CDACC4E086}.Release|x86.Build.0 = Release|Win32
		{07EC36CF-67AA-4E7F-8FA0-DBF3D40F8DFA}.Debug|Any CPU.ActiveCfg = Debug|x64
		{07EC36CF-67AA-4E7F-8FA0-DBF3D40F8DFA}.Debug|Any CPU.Build.0 = Debug|x64
		{07EC36CF-67AA-4E7F-8FA0-DBF3D40F8DFA}.Debug|x64.ActiveCfg = Debug|x64
		{07EC36CF-67AA-4E7F-8FA0-DBF3D40F8DFA}.Debug|x64.Build.0 = Debug|x64
		{07EC36CF-67AA-4E7F-8FA0-DBF3D40F8DFA}.Debug|x86.ActiveCfg = Debug|Win32
		{07EC36CF-67AA-4E7F-8FA0-DBF3D40F8DFA}.Debug|x86.Build.0 = Debug|Win32
		{07EC36CF-67AA-4E7F-8FA0-DBF3D40F8DFA}.Release|Any CPU.ActiveCfg = Release|x64
		{07EC36CF-67AA-4E7F-8FA0-DBF3D40F8DFA}.Release|Any CPU.Build.0 = Release|x64
		{07EC36CF-67AA-4E7F-8FA0-DBF3D40F8DFA}.Release|x64.ActiveCfg = Release|x64
		{07EC36CF-67AA-4E7F-8FA0-DBF3D40F8DFA}.Release|x64.Build.0 = Release|x64
		{07EC36CF-67AA-4E7F-8FA0-DBF3D40F8DFA}.Release|x86.ActiveCfg = Release|Win32
		{07EC36CF-67AA-4E7F-8FA0-DBF3D40F8DFA}.Release|x86.Build.0 = Release|Win32
		{FF15586A-2A34-4231-ABD8-B13162A15843}.Debug|Any CPU.ActiveCfg = Debug|x64
		{FF15586A-2A34-4231-ABD8-B13162A15843}.Debug|Any CPU.Build.0 = Debug|x64
		{FF15586A-2A34-4231-ABD8-B13162A15843}.Debug|x64.ActiveCfg = Debug|x64
		{FF15586A-2A34-4231-ABD8-B13162A15843}.Debug|x64.Build.0 = Debug|x64
		{FF15586A-2A34-4231-ABD8-B13162A15843}.Debug|x86.ActiveCfg = Debug|Win32
		{FF15586A-2A34-4231-ABD8-B13162A15843}.Debug|x86.Build.0 = Debug|Win32
		{FF15586A-2A34-4231-ABD8-B13162A15843}.Release|Any CPU.ActiveCfg = Release|x64
		{FF15586A-2A34-4231-ABD8-B13162A15843}.Release|Any CPU.Build.0 = Release|x64
		{FF15586A-2A34-4231-ABD8-B13162A15843}.Release|x64.ActiveCfg = Release|x64
		{FF15586A-2A34-4231-ABD8-B13162A15843}.Release|x64.Build.0 = Release|x64
		{FF15586A-2A34-4231-ABD8-B13162A15843}.Release|x86.ActiveCfg = Release|Win32
		{FF15586A-2A34-4231-ABD8-B13162A15843}.Release|x86.Build.0 = Release|Win32
		{50FC4590-567B-4322-AE4C-BE7A1E0648FB}.Debug|Any CPU.ActiveCfg = Debug|x64
		{50FC4590-567B-4322-AE4C-BE7A1E0648FB}.Debug|Any CPU.Build.0 = Debug|x64
		{50FC4590-567B-4322-AE4C-BE7A1E0648FB}.Debug|x64.ActiveCfg = Debug|x64
		{50FC4590-567B-4322-AE4C-BE7A1E0648FB}.Debug|x64.Build.0 = Debug|x64
		{50FC4590-567B-4322-AE4C-BE7A1E0648FB}.Debug|x86.ActiveCfg = Debug|Win32
		{50FC4590-567B-4322-AE4C-BE7A1E0648FB}.Debug|x86.Build.0 = Debug|Win32
		{50FC4590-567B-4322-AE4C-BE7A1E0648FB}.Release|Any CPU.ActiveCfg = Release|x64
		{50FC4590-567B-4322-AE4C-BE7A1E0648FB}.Release|Any CPU.Build.0 = Release|x64
		{50FC4590-567B-4322-AE4C-BE7A1E0648FB}.Release|x64.ActiveCfg = Release|x64
		{50FC4590-567B-4322-AE4C-BE7A1E0648FB}.Release|x64.Build.0 = Release|x64
		{50FC4590-567B-4322-AE4C-BE7A1E0648FB}.Release|x86.ActiveCfg = Release|Win32
		{50FC4590-567B-4322-AE4C-BE7A1E0648FB}.Release|x86.Build.0 = Release|Win32
		{2D21DC31-7206-469C-B212-6833979C135B}.Debug|Any CPU.ActiveCfg = Debug|x64
		{2D21DC31-7206-469C-B212-6833979C135B}.Debug|Any CPU.Build.0 = Debug|x64
		{2D21DC31-7206-469C-B212-6833979C135B}.Debug|x64.ActiveCfg = Debug|x64
		{2D21DC31-7206-469C-B212-6833979C135B}.Debug|x64.Build.0 = Debug|x64
		{2D21DC31-7206-469C-B212-6833979C135B}.Debug|x86.ActiveCfg = Debug|Win32
		{2D21DC31-7206-469C-B212-6833979C135B}.Debug|x86.Build.0 = Debug|Win32
		{2D21DC31-7206-469C-B212-6833979C135B}.Release|Any CPU.ActiveCfg = Release|x64
		{2D21DC31-7206-469C-B212-6833979C135B}.Release|Any CPU.Build.0 = Release|x64
		{2D21DC31-7206-469C-B212-6833979C135B}.Release|x64.ActiveCfg = Release|x64
		{2D21DC31-7206-469C-B212-6833979C135B}.Release|x64.Build.0 = Release|x64
		{2D21DC31-7206-469C-B212-6833979C135B}.Release|x86.ActiveCfg = Release|Win32
		{2D21DC31-7206-469C-B212-6833979C135B}.Release|x86.Build.0 = Release|Win32
		{B0ED3AAB-07A3-4336-8C57-8248C59D134F}.Debug|Any CPU.ActiveCfg = Debug|x64
		{B0ED3AAB-07A3-4336-8C57-8248C59D134F}.Debug|Any CPU.Build.0 = Debug|x64
		{B0ED3AAB-07A3-4336-8C57-8248C59D134F}.Debug|x64.ActiveCfg = Debug|x64
		{B0ED3AAB-07A3-4336-8C57-8248C59D134F}.Debug|x64.Build.0 = Debug|x64
		{B0ED3AAB-07A3-4336-8C57-8248C59D134F}.Debug|x86.ActiveCfg = Debug|Win32
		{B0ED3AAB-07A3-4336-8C57-8248C59D134F}.Debug|x86.Build.0 = Debug|Win32
		{B0ED3AAB-07A3-4336-8C57-8248C59D134F}.Release|Any CPU.ActiveCfg = Release|x64
		{B0ED3AAB-07A3-4336-8C57-8248C59D134F}.Release|Any CPU.Build.0 = Release|x64
		{B0ED3AAB-07A3-4336-8C57-8248C59D134F}.Release|x64.ActiveCfg = Release|x64
		{B0ED3AAB-07A3-4336-8C57-8248C59D134F}.Release|x64.Build.0 = Release|x64
		{B0ED3AAB-07A3-4336-8C57-8248C59D134F}.Release|x86.ActiveCfg = Release|Win32
		{B0ED3AAB-07A3-4336-8C57-8248C59D134F}.Release|x86.Build.0 = Release|Win32
		{A65C8CA0-C558-49B4-8FFE-5A42F098AE06}.Debug|Any CPU.ActiveCfg = Debug|x64
		{A65C8CA0-C558-49B4-8FFE-5A42F098AE06}.Debug|Any CPU.Build.0 = Debug|x64
		{A65C8CA0-C558-49B4-8FFE-5A42F098AE06}.Debug|x64.ActiveCfg = Debug|x64
		{A65C8CA0-C558-49B4-8FFE-5A42F098AE06}.Debug|x64.Build.0 = Debug|x64
		{A65C8CA0-C558-49B4-8FFE-5A42F098AE06}.Debug|x86.ActiveCfg = Debug|Win32
		{A65C8CA0-C558-49B4-8FFE-5A42F098AE06}.Debug|x86.Build.0 = Debug|Win32
		{A65C8CA0-C558-49B4-8FFE-5A42F098AE06}.Release|Any CPU.ActiveCfg = Release|x64
		{A65C8CA0-C558-49B4-8FFE-5A42F098AE06}.Release|Any CPU.Build.0 = Release|x64
		{A65C8CA0-C558-49B4-8FFE-5A42F098AE06}.Release|x64.ActiveCfg = Release|x64
		{A65C8CA0-C558-49B4-8FFE-5A42F098AE06}.Release|x64.Build.0 = Release|x64
		{A65C8CA0-C558-49B4-8FFE-5A42F098AE06}.Release|x86.ActiveCfg = Release|Win32
		{A65C8CA0-C558-49B4-8FFE-5A42F098AE06}.Release|x86.Build.0 = Release|Win32
	EndGlobalSection
	GlobalSection(SolutionProperties) = preSolution
		HideSolutionNode = FALSE
	EndGlobalSection
	GlobalSection(ExtensibilityGlobals) = postSolution
		SolutionGuid = {B542B765-10C6-49E5-935D-7F4E525C98B9}
	EndGlobalSection
EndGlobal
